
Microsoft Visual Studio Solution File, Format Version 12.00
# Visual Studio Version 16
VisualStudioVersion = 16.0.30907.101
MinimumVisualStudioVersion = 10.0.40219.1
Project("{FAE04EC0-301F-11D3-BF4B-00C04F79EFBC}") = "Bari.Console", "Bari.Console\Bari.Console.csproj", "{36A9592D-5CAD-497D-8F97-FF360E805865}"
EndProject
Project("{FAE04EC0-301F-11D3-BF4B-00C04F79EFBC}") = "Bari.IoC", "Bari.IoC\Bari.IoC.csproj", "{D2B0DE6E-03DE-42A1-B451-09163958431E}"
EndProject
Project("{FAE04EC0-301F-11D3-BF4B-00C04F79EFBC}") = "Bari.Domain", "Bari.Domain\Bari.Domain.csproj", "{25D53BF5-26ED-45D7-8E35-D70AC611B72C}"
EndProject
Project("{FAE04EC0-301F-11D3-BF4B-00C04F79EFBC}") = "Bari.Tests", "Bari.Tests\Bari.Tests.csproj", "{3AACFCC9-C6C9-4DF3-A976-E3F1217120C6}"
EndProject
Global
	GlobalSection(SolutionConfigurationPlatforms) = preSolution
		Debug|Any CPU = Debug|Any CPU
		Release|Any CPU = Release|Any CPU
	EndGlobalSection
	GlobalSection(ProjectConfigurationPlatforms) = postSolution
		{36A9592D-5CAD-497D-8F97-FF360E805865}.Debug|Any CPU.ActiveCfg = Debug|Any CPU
		{36A9592D-5CAD-497D-8F97-FF360E805865}.Debug|Any CPU.Build.0 = Debug|Any CPU
		{36A9592D-5CAD-497D-8F97-FF360E805865}.Release|Any CPU.ActiveCfg = Release|Any CPU
		{36A9592D-5CAD-497D-8F97-FF360E805865}.Release|Any CPU.Build.0 = Release|Any CPU
		{D2B0DE6E-03DE-42A1-B451-09163958431E}.Debug|Any CPU.ActiveCfg = Debug|Any CPU
		{D2B0DE6E-03DE-42A1-B451-09163958431E}.Debug|Any CPU.Build.0 = Debug|Any CPU
		{D2B0DE6E-03DE-42A1-B451-09163958431E}.Release|Any CPU.ActiveCfg = Release|Any CPU
		{D2B0DE6E-03DE-42A1-B451-09163958431E}.Release|Any CPU.Build.0 = Release|Any CPU
		{25D53BF5-26ED-45D7-8E35-D70AC611B72C}.Debug|Any CPU.ActiveCfg = Debug|Any CPU
		{25D53BF5-26ED-45D7-8E35-D70AC611B72C}.Debug|Any CPU.Build.0 = Debug|Any CPU
		{25D53BF5-26ED-45D7-8E35-D70AC611B72C}.Release|Any CPU.ActiveCfg = Release|Any CPU
		{25D53BF5-26ED-45D7-8E35-D70AC611B72C}.Release|Any CPU.Build.0 = Release|Any CPU
		{3AACFCC9-C6C9-4DF3-A976-E3F1217120C6}.Debug|Any CPU.ActiveCfg = Debug|Any CPU
		{3AACFCC9-C6C9-4DF3-A976-E3F1217120C6}.Debug|Any CPU.Build.0 = Debug|Any CPU
		{3AACFCC9-C6C9-4DF3-A976-E3F1217120C6}.Release|Any CPU.ActiveCfg = Release|Any CPU
		{3AACFCC9-C6C9-4DF3-A976-E3F1217120C6}.Release|Any CPU.Build.0 = Release|Any CPU
	EndGlobalSection
	GlobalSection(SolutionProperties) = preSolution
		HideSolutionNode = FALSE
	EndGlobalSection
	GlobalSection(ExtensibilityGlobals) = postSolution
		SolutionGuid = {7EADF78E-D222-4AA1-A963-B87A4455E7C3}
	EndGlobalSection
EndGlobal
